
Microsoft Visual Studio Solution File, Format Version 12.00
# Visual Studio Version 17
VisualStudioVersion = 17.4.33403.182
MinimumVisualStudioVersion = 10.0.40219.1
Project("{9A19103F-16F7-4668-BE54-9A1E7A4F7556}") = "Retail", "Retail\Retail.csproj", "{741BCF92-A9D6-49A9-B893-BDAF217AF4FC}"
EndProject
Global
	GlobalSection(SolutionConfigurationPlatforms) = preSolution
		Debug|Any CPU = Debug|Any CPU
		Release|Any CPU = Release|Any CPU
	EndGlobalSection
	GlobalSection(ProjectConfigurationPlatforms) = postSolution
		{741BCF92-A9D6-49A9-B893-BDAF217AF4FC}.Debug|Any CPU.ActiveCfg = Debug|Any CPU
		{741BCF92-A9D6-49A9-B893-BDAF217AF4FC}.Debug|Any CPU.Build.0 = Debug|Any CPU
		{741BCF92-A9D6-49A9-B893-BDAF217AF4FC}.Release|Any CPU.ActiveCfg = Release|Any CPU
		{741BCF92-A9D6-49A9-B893-BDAF217AF4FC}.Release|Any CPU.Build.0 = Release|Any CPU
	EndGlobalSection
	GlobalSection(SolutionProperties) = preSolution
		HideSolutionNode = FALSE
	EndGlobalSection
	GlobalSection(ExtensibilityGlobals) = postSolution
		SolutionGuid = {45A542FC-8831-4D21-92D8-256190498C6F}
	EndGlobalSection
EndGlobal
